// !$*UTF8*$!
{
	archiveVersion = 1;
	classes = {
	};
	objectVersion = 77;
	objects = {

/* Begin PBXContainerItemProxy section */
		76B9EC952D37B6D300C67F23 /* PBXContainerItemProxy */ = {
			isa = PBXContainerItemProxy;
			containerPortal = 76B9EC7C2D37B6D100C67F23 /* Project object */;
			proxyType = 1;
			remoteGlobalIDString = 76B9EC832D37B6D100C67F23;
			remoteInfo = "ios-assignment";
		};
		76B9EC9F2D37B6D300C67F23 /* PBXContainerItemProxy */ = {
			isa = PBXContainerItemProxy;
			containerPortal = 76B9EC7C2D37B6D100C67F23 /* Project object */;
			proxyType = 1;
			remoteGlobalIDString = 76B9EC832D37B6D100C67F23;
			remoteInfo = "ios-assignment";
		};
/* End PBXContainerItemProxy section */

/* Begin PBXFileReference section */
		76B9EC842D37B6D100C67F23 /* ios-assignment.app */ = {isa = PBXFileReference; explicitFileType = wrapper.application; includeInIndex = 0; path = "ios-assignment.app"; sourceTree = BUILT_PRODUCTS_DIR; };
		76B9EC942D37B6D300C67F23 /* ios-assignmentTests.xctest */ = {isa = PBXFileReference; explicitFileType = wrapper.cfbundle; includeInIndex = 0; path = "ios-assignmentTests.xctest"; sourceTree = BUILT_PRODUCTS_DIR; };
		76B9EC9E2D37B6D300C67F23 /* ios-assignmentUITests.xctest */ = {isa = PBXFileReference; explicitFileType = wrapper.cfbundle; includeInIndex = 0; path = "ios-assignmentUITests.xctest"; sourceTree = BUILT_PRODUCTS_DIR; };
/* End PBXFileReference section */

/* Begin PBXFileSystemSynchronizedRootGroup section */
		76B9EC862D37B6D100C67F23 /* ios-assignment */ = {
			isa = PBXFileSystemSynchronizedRootGroup;
			path = "ios-assignment";
			sourceTree = "<group>";
		};
		76B9EC972D37B6D300C67F23 /* ios-assignmentTests */ = {
			isa = PBXFileSystemSynchronizedRootGroup;
			path = "ios-assignmentTests";
			sourceTree = "<group>";
		};
		76B9ECA12D37B6D300C67F23 /* ios-assignmentUITests */ = {
			isa = PBXFileSystemSynchronizedRootGroup;
			path = "ios-assignmentUITests";
			sourceTree = "<group>";
		};
/* End PBXFileSystemSynchronizedRootGroup section */

/* Begin PBXFrameworksBuildPhase section */
		76B9EC812D37B6D100C67F23 /* Frameworks */ = {
			isa = PBXFrameworksBuildPhase;
			buildActionMask = 2147483647;
			files = (
			);
			runOnlyForDeploymentPostprocessing = 0;
		};
		76B9EC912D37B6D300C67F23 /* Frameworks */ = {
			isa = PBXFrameworksBuildPhase;
			buildActionMask = 2147483647;
			files = (
			);
			runOnlyForDeploymentPostprocessing = 0;
		};
		76B9EC9B2D37B6D300C67F23 /* Frameworks */ = {
			isa = PBXFrameworksBuildPhase;
			buildActionMask = 2147483647;
			files = (
			);
			runOnlyForDeploymentPostprocessing = 0;
		};
/* End PBXFrameworksBuildPhase section */

/* Begin PBXGroup section */
		76B9EC7B2D37B6D100C67F23 = {
			isa = PBXGroup;
			children = (
				76B9EC862D37B6D100C67F23 /* ios-assignment */,
				76B9EC972D37B6D300C67F23 /* ios-assignmentTests */,
				76B9ECA12D37B6D300C67F23 /* ios-assignmentUITests */,
				76B9EC852D37B6D100C67F23 /* Products */,
			);
			sourceTree = "<group>";
		};
		76B9EC852D37B6D100C67F23 /* Products */ = {
			isa = PBXGroup;
			children = (
				76B9EC842D37B6D100C67F23 /* ios-assignment.app */,
				76B9EC942D37B6D300C67F23 /* ios-assignmentTests.xctest */,
				76B9EC9E2D37B6D300C67F23 /* ios-assignmentUITests.xctest */,
			);
			name = Products;
			sourceTree = "<group>";
		};
/* End PBXGroup section */

/* Begin PBXNativeTarget section */
		76B9EC832D37B6D100C67F23 /* ios-assignment */ = {
			isa = PBXNativeTarget;
			buildConfigurationList = 76B9ECA82D37B6D300C67F23 /* Build configuration list for PBXNativeTarget "ios-assignment" */;
			buildPhases = (
				76B9EC802D37B6D100C67F23 /* Sources */,
				76B9EC812D37B6D100C67F23 /* Frameworks */,
				76B9EC822D37B6D100C67F23 /* Resources */,
			);
			buildRules = (
			);
			dependencies = (
			);
			fileSystemSynchronizedGroups = (
				76B9EC862D37B6D100C67F23 /* ios-assignment */,
			);
			name = "ios-assignment";
			packageProductDependencies = (
			);
			productName = "ios-assignment";
			productReference = 76B9EC842D37B6D100C67F23 /* ios-assignment.app */;
			productType = "com.apple.product-type.application";
		};
		76B9EC932D37B6D300C67F23 /* ios-assignmentTests */ = {
			isa = PBXNativeTarget;
			buildConfigurationList = 76B9ECAB2D37B6D300C67F23 /* Build configuration list for PBXNativeTarget "ios-assignmentTests" */;
			buildPhases = (
				76B9EC902D37B6D300C67F23 /* Sources */,
				76B9EC912D37B6D300C67F23 /* Frameworks */,
				76B9EC922D37B6D300C67F23 /* Resources */,
			);
			buildRules = (
			);
			dependencies = (
				76B9EC962D37B6D300C67F23 /* PBXTargetDependency */,
			);
			fileSystemSynchronizedGroups = (
				76B9EC972D37B6D300C67F23 /* ios-assignmentTests */,
			);
			name = "ios-assignmentTests";
			packageProductDependencies = (
			);
			productName = "ios-assignmentTests";
			productReference = 76B9EC942D37B6D300C67F23 /* ios-assignmentTests.xctest */;
			productType = "com.apple.product-type.bundle.unit-test";
		};
		76B9EC9D2D37B6D300C67F23 /* ios-assignmentUITests */ = {
			isa = PBXNativeTarget;
			buildConfigurationList = 76B9ECAE2D37B6D300C67F23 /* Build configuration list for PBXNativeTarget "ios-assignmentUITests" */;
			buildPhases = (
				76B9EC9A2D37B6D300C67F23 /* Sources */,
				76B9EC9B2D37B6D300C67F23 /* Frameworks */,
				76B9EC9C2D37B6D300C67F23 /* Resources */,
			);
			buildRules = (
			);
			dependencies = (
				76B9ECA02D37B6D300C67F23 /* PBXTargetDependency */,
			);
			fileSystemSynchronizedGroups = (
				76B9ECA12D37B6D300C67F23 /* ios-assignmentUITests */,
			);
			name = "ios-assignmentUITests";
			packageProductDependencies = (
			);
			productName = "ios-assignmentUITests";
			productReference = 76B9EC9E2D37B6D300C67F23 /* ios-assignmentUITests.xctest */;
			productType = "com.apple.product-type.bundle.ui-testing";
		};
/* End PBXNativeTarget section */

/* Begin PBXProject section */
		76B9EC7C2D37B6D100C67F23 /* Project object */ = {
			isa = PBXProject;
			attributes = {
				BuildIndependentTargetsInParallel = 1;
				LastSwiftUpdateCheck = 1620;
				LastUpgradeCheck = 1620;
				TargetAttributes = {
					76B9EC832D37B6D100C67F23 = {
						CreatedOnToolsVersion = 16.2;
					};
					76B9EC932D37B6D300C67F23 = {
						CreatedOnToolsVersion = 16.2;
						TestTargetID = 76B9EC832D37B6D100C67F23;
					};
					76B9EC9D2D37B6D300C67F23 = {
						CreatedOnToolsVersion = 16.2;
						TestTargetID = 76B9EC832D37B6D100C67F23;
					};
				};
			};
			buildConfigurationList = 76B9EC7F2D37B6D100C67F23 /* Build configuration list for PBXProject "ios-assignment" */;
			developmentRegion = en;
			hasScannedForEncodings = 0;
			knownRegions = (
				en,
				Base,
			);
			mainGroup = 76B9EC7B2D37B6D100C67F23;
			minimizedProjectReferenceProxies = 1;
			preferredProjectObjectVersion = 77;
			productRefGroup = 76B9EC852D37B6D100C67F23 /* Products */;
			projectDirPath = "";
			projectRoot = "";
			targets = (
				76B9EC832D37B6D100C67F23 /* ios-assignment */,
				76B9EC932D37B6D300C67F23 /* ios-assignmentTests */,
				76B9EC9D2D37B6D300C67F23 /* ios-assignmentUITests */,
			);
		};
/* End PBXProject section */

/* Begin PBXResourcesBuildPhase section */
		76B9EC822D37B6D100C67F23 /* Resources */ = {
			isa = PBXResourcesBuildPhase;
			buildActionMask = 2147483647;
			files = (
			);
			runOnlyForDeploymentPostprocessing = 0;
		};
		76B9EC922D37B6D300C67F23 /* Resources */ = {
			isa = PBXResourcesBuildPhase;
			buildActionMask = 2147483647;
			files = (
			);
			runOnlyForDeploymentPostprocessing = 0;
		};
		76B9EC9C2D37B6D300C67F23 /* Resources */ = {
			isa = PBXResourcesBuildPhase;
			buildActionMask = 2147483647;
			files = (
			);
			runOnlyForDeploymentPostprocessing = 0;
		};
/* End PBXResourcesBuildPhase section */

/* Begin PBXSourcesBuildPhase section */
		76B9EC802D37B6D100C67F23 /* Sources */ = {
			isa = PBXSourcesBuildPhase;
			buildActionMask = 2147483647;
			files = (
			);
			runOnlyForDeploymentPostprocessing = 0;
		};
		76B9EC902D37B6D300C67F23 /* Sources */ = {
			isa = PBXSourcesBuildPhase;
			buildActionMask = 2147483647;
			files = (
			);
			runOnlyForDeploymentPostprocessing = 0;
		};
		76B9EC9A2D37B6D300C67F23 /* Sources */ = {
			isa = PBXSourcesBuildPhase;
			buildActionMask = 2147483647;
			files = (
			);
			runOnlyForDeploymentPostprocessing = 0;
		};
/* End PBXSourcesBuildPhase section */

/* Begin PBXTargetDependency section */
		76B9EC962D37B6D300C67F23 /* PBXTargetDependency */ = {
			isa = PBXTargetDependency;
			target = 76B9EC832D37B6D100C67F23 /* ios-assignment */;
			targetProxy = 76B9EC952D37B6D300C67F23 /* PBXContainerItemProxy */;
		};
		76B9ECA02D37B6D300C67F23 /* PBXTargetDependency */ = {
			isa = PBXTargetDependency;
			target = 76B9EC832D37B6D100C67F23 /* ios-assignment */;
			targetProxy = 76B9EC9F2D37B6D300C67F23 /* PBXContainerItemProxy */;
		};
/* End PBXTargetDependency section */

/* Begin XCBuildConfiguration section */
		76B9ECA62D37B6D300C67F23 /* Debug */ = {
			isa = XCBuildConfiguration;
			buildSettings = {
				ALWAYS_SEARCH_USER_PATHS = NO;
				ASSETCATALOG_COMPILER_GENERATE_SWIFT_ASSET_SYMBOL_EXTENSIONS = YES;
				CLANG_ANALYZER_NONNULL = YES;
				CLANG_ANALYZER_NUMBER_OBJECT_CONVERSION = YES_AGGRESSIVE;
				CLANG_CXX_LANGUAGE_STANDARD = "gnu++20";
				CLANG_ENABLE_MODULES = YES;
				CLANG_ENABLE_OBJC_ARC = YES;
				CLANG_ENABLE_OBJC_WEAK = YES;
				CLANG_WARN_BLOCK_CAPTURE_AUTORELEASING = YES;
				CLANG_WARN_BOOL_CONVERSION = YES;
				CLANG_WARN_COMMA = YES;
				CLANG_WARN_CONSTANT_CONVERSION = YES;
				CLANG_WARN_DEPRECATED_OBJC_IMPLEMENTATIONS = YES;
				CLANG_WARN_DIRECT_OBJC_ISA_USAGE = YES_ERROR;
				CLANG_WARN_DOCUMENTATION_COMMENTS = YES;
				CLANG_WARN_EMPTY_BODY = YES;
				CLANG_WARN_ENUM_CONVERSION = YES;
				CLANG_WARN_INFINITE_RECURSION = YES;
				CLANG_WARN_INT_CONVERSION = YES;
				CLANG_WARN_NON_LITERAL_NULL_CONVERSION = YES;
				CLANG_WARN_OBJC_IMPLICIT_RETAIN_SELF = YES;
				CLANG_WARN_OBJC_LITERAL_CONVERSION = YES;
				CLANG_WARN_OBJC_ROOT_CLASS = YES_ERROR;
				CLANG_WARN_QUOTED_INCLUDE_IN_FRAMEWORK_HEADER = YES;
				CLANG_WARN_RANGE_LOOP_ANALYSIS = YES;
				CLANG_WARN_STRICT_PROTOTYPES = YES;
				CLANG_WARN_SUSPICIOUS_MOVE = YES;
				CLANG_WARN_UNGUARDED_AVAILABILITY = YES_AGGRESSIVE;
				CLANG_WARN_UNREACHABLE_CODE = YES;
				CLANG_WARN__DUPLICATE_METHOD_MATCH = YES;
				COPY_PHASE_STRIP = NO;
				DEBUG_INFORMATION_FORMAT = dwarf;
				ENABLE_STRICT_OBJC_MSGSEND = YES;
				ENABLE_TESTABILITY = YES;
				ENABLE_USER_SCRIPT_SANDBOXING = YES;
				GCC_C_LANGUAGE_STANDARD = gnu17;
				GCC_DYNAMIC_NO_PIC = NO;
				GCC_NO_COMMON_BLOCKS = YES;
				GCC_OPTIMIZATION_LEVEL = 0;
				GCC_PREPROCESSOR_DEFINITIONS = (
					"DEBUG=1",
					"$(inherited)",
				);
				GCC_WARN_64_TO_32_BIT_CONVERSION = YES;
				GCC_WARN_ABOUT_RETURN_TYPE = YES_ERROR;
				GCC_WARN_UNDECLARED_SELECTOR = YES;
				GCC_WARN_UNINITIALIZED_AUTOS = YES_AGGRESSIVE;
				GCC_WARN_UNUSED_FUNCTION = YES;
				GCC_WARN_UNUSED_VARIABLE = YES;
				IPHONEOS_DEPLOYMENT_TARGET = 18.2;
				LOCALIZATION_PREFERS_STRING_CATALOGS = YES;
				MTL_ENABLE_DEBUG_INFO = INCLUDE_SOURCE;
				MTL_FAST_MATH = YES;
				ONLY_ACTIVE_ARCH = YES;
				SDKROOT = iphoneos;
				SWIFT_ACTIVE_COMPILATION_CONDITIONS = "DEBUG $(inherited)";
				SWIFT_OPTIMIZATION_LEVEL = "-Onone";
			};
			name = Debug;
		};
		76B9ECA72D37B6D300C67F23 /* Release */ = {
			isa = XCBuildConfiguration;
			buildSettings = {
				ALWAYS_SEARCH_USER_PATHS = NO;
				ASSETCATALOG_COMPILER_GENERATE_SWIFT_ASSET_SYMBOL_EXTENSIONS = YES;
				CLANG_ANALYZER_NONNULL = YES;
				CLANG_ANALYZER_NUMBER_OBJECT_CONVERSION = YES_AGGRESSIVE;
				CLANG_CXX_LANGUAGE_STANDARD = "gnu++20";
				CLANG_ENABLE_MODULES = YES;
				CLANG_ENABLE_OBJC_ARC = YES;
				CLANG_ENABLE_OBJC_WEAK = YES;
				CLANG_WARN_BLOCK_CAPTURE_AUTORELEASING = YES;
				CLANG_WARN_BOOL_CONVERSION = YES;
				CLANG_WARN_COMMA = YES;
				CLANG_WARN_CONSTANT_CONVERSION = YES;
				CLANG_WARN_DEPRECATED_OBJC_IMPLEMENTATIONS = YES;
				CLANG_WARN_DIRECT_OBJC_ISA_USAGE = YES_ERROR;
				CLANG_WARN_DOCUMENTATION_COMMENTS = YES;
				CLANG_WARN_EMPTY_BODY = YES;
				CLANG_WARN_ENUM_CONVERSION = YES;
				CLANG_WARN_INFINITE_RECURSION = YES;
				CLANG_WARN_INT_CONVERSION = YES;
				CLANG_WARN_NON_LITERAL_NULL_CONVERSION = YES;
				CLANG_WARN_OBJC_IMPLICIT_RETAIN_SELF = YES;
				CLANG_WARN_OBJC_LITERAL_CONVERSION = YES;
				CLANG_WARN_OBJC_ROOT_CLASS = YES_ERROR;
				CLANG_WARN_QUOTED_INCLUDE_IN_FRAMEWORK_HEADER = YES;
				CLANG_WARN_RANGE_LOOP_ANALYSIS = YES;
				CLANG_WARN_STRICT_PROTOTYPES = YES;
				CLANG_WARN_SUSPICIOUS_MOVE = YES;
				CLANG_WARN_UNGUARDED_AVAILABILITY = YES_AGGRESSIVE;
				CLANG_WARN_UNREACHABLE_CODE = YES;
				CLANG_WARN__DUPLICATE_METHOD_MATCH = YES;
				COPY_PHASE_STRIP = NO;
				DEBUG_INFORMATION_FORMAT = "dwarf-with-dsym";
				ENABLE_NS_ASSERTIONS = NO;
				ENABLE_STRICT_OBJC_MSGSEND = YES;
				ENABLE_USER_SCRIPT_SANDBOXING = YES;
				GCC_C_LANGUAGE_STANDARD = gnu17;
				GCC_NO_COMMON_BLOCKS = YES;
				GCC_WARN_64_TO_32_BIT_CONVERSION = YES;
				GCC_WARN_ABOUT_RETURN_TYPE = YES_ERROR;
				GCC_WARN_UNDECLARED_SELECTOR = YES;
				GCC_WARN_UNINITIALIZED_AUTOS = YES_AGGRESSIVE;
				GCC_WARN_UNUSED_FUNCTION = YES;
				GCC_WARN_UNUSED_VARIABLE = YES;
				IPHONEOS_DEPLOYMENT_TARGET = 18.2;
				LOCALIZATION_PREFERS_STRING_CATALOGS = YES;
				MTL_ENABLE_DEBUG_INFO = NO;
				MTL_FAST_MATH = YES;
				SDKROOT = iphoneos;
				SWIFT_COMPILATION_MODE = wholemodule;
				VALIDATE_PRODUCT = YES;
			};
			name = Release;
		};
		76B9ECA92D37B6D300C67F23 /* Debug */ = {
			isa = XCBuildConfiguration;
			buildSettings = {
				ASSETCATALOG_COMPILER_APPICON_NAME = AppIcon;
				ASSETCATALOG_COMPILER_GLOBAL_ACCENT_COLOR_NAME = AccentColor;
				CODE_SIGN_STYLE = Automatic;
				CURRENT_PROJECT_VERSION = 1;
				DEVELOPMENT_ASSET_PATHS = "\"ios-assignment/Preview Content\"";
				DEVELOPMENT_TEAM = 4K8QHXRYT6;
				ENABLE_PREVIEWS = YES;
				GENERATE_INFOPLIST_FILE = YES;
				INFOPLIST_KEY_UIApplicationSceneManifest_Generation = YES;
				INFOPLIST_KEY_UIApplicationSupportsIndirectInputEvents = YES;
				INFOPLIST_KEY_UILaunchScreen_Generation = YES;
				INFOPLIST_KEY_UISupportedInterfaceOrientations_iPad = "UIInterfaceOrientationPortrait UIInterfaceOrientationPortraitUpsideDown UIInterfaceOrientationLandscapeLeft UIInterfaceOrientationLandscapeRight";
				INFOPLIST_KEY_UISupportedInterfaceOrientations_iPhone = "UIInterfaceOrientationPortrait UIInterfaceOrientationLandscapeLeft UIInterfaceOrientationLandscapeRight";
				LD_RUNPATH_SEARCH_PATHS = (
					"$(inherited)",
					"@executable_path/Frameworks",
				);
				MARKETING_VERSION = 1.0;
				PRODUCT_BUNDLE_IDENTIFIER = "co.espinoza.ios-assignment";
				PRODUCT_NAME = "$(TARGET_NAME)";
				SWIFT_EMIT_LOC_STRINGS = YES;
				SWIFT_VERSION = 5.0;
				TARGETED_DEVICE_FAMILY = "1,2";
			};
			name = Debug;
		};
		76B9ECAA2D37B6D300C67F23 /* Release */ = {
			isa = XCBuildConfiguration;
			buildSettings = {
				ASSETCATALOG_COMPILER_APPICON_NAME = AppIcon;
				ASSETCATALOG_COMPILER_GLOBAL_ACCENT_COLOR_NAME = AccentColor;
				CODE_SIGN_STYLE = Automatic;
				CURRENT_PROJECT_VERSION = 1;
				DEVELOPMENT_ASSET_PATHS = "\"ios-assignment/Preview Content\"";
				DEVELOPMENT_TEAM = 4K8QHXRYT6;
				ENABLE_PREVIEWS = YES;
				GENERATE_INFOPLIST_FILE = YES;
				INFOPLIST_KEY_UIApplicationSceneManifest_Generation = YES;
				INFOPLIST_KEY_UIApplicationSupportsIndirectInputEvents = YES;
				INFOPLIST_KEY_UILaunchScreen_Generation = YES;
				INFOPLIST_KEY_UISupportedInterfaceOrientations_iPad = "UIInterfaceOrientationPortrait UIInterfaceOrientationPortraitUpsideDown UIInterfaceOrientationLandscapeLeft UIInterfaceOrientationLandscapeRight";
				INFOPLIST_KEY_UISupportedInterfaceOrientations_iPhone = "UIInterfaceOrientationPortrait UIInterfaceOrientationLandscapeLeft UIInterfaceOrientationLandscapeRight";
				LD_RUNPATH_SEARCH_PATHS = (
					"$(inherited)",
					"@executable_path/Frameworks",
				);
				MARKETING_VERSION = 1.0;
				PRODUCT_BUNDLE_IDENTIFIER = "co.espinoza.ios-assignment";
				PRODUCT_NAME = "$(TARGET_NAME)";
				SWIFT_EMIT_LOC_STRINGS = YES;
				SWIFT_VERSION = 5.0;
				TARGETED_DEVICE_FAMILY = "1,2";
			};
			name = Release;
		};
		76B9ECAC2D37B6D300C67F23 /* Debug */ = {
			isa = XCBuildConfiguration;
			buildSettings = {
				BUNDLE_LOADER = "$(TEST_HOST)";
				CODE_SIGN_STYLE = Automatic;
				CURRENT_PROJECT_VERSION = 1;
				DEVELOPMENT_TEAM = 4K8QHXRYT6;
				GENERATE_INFOPLIST_FILE = YES;
				IPHONEOS_DEPLOYMENT_TARGET = 18.2;
				MARKETING_VERSION = 1.0;
				PRODUCT_BUNDLE_IDENTIFIER = "co.espinoza.ios-assignmentTests";
				PRODUCT_NAME = "$(TARGET_NAME)";
				SWIFT_EMIT_LOC_STRINGS = NO;
				SWIFT_VERSION = 5.0;
				TARGETED_DEVICE_FAMILY = "1,2";
				TEST_HOST = "$(BUILT_PRODUCTS_DIR)/ios-assignment.app/$(BUNDLE_EXECUTABLE_FOLDER_PATH)/ios-assignment";
			};
			name = Debug;
		};
		76B9ECAD2D37B6D300C67F23 /* Release */ = {
			isa = XCBuildConfiguration;
			buildSettings = {
				BUNDLE_LOADER = "$(TEST_HOST)";
				CODE_SIGN_STYLE = Automatic;
				CURRENT_PROJECT_VERSION = 1;
				DEVELOPMENT_TEAM = 4K8QHXRYT6;
				GENERATE_INFOPLIST_FILE = YES;
				IPHONEOS_DEPLOYMENT_TARGET = 18.2;
				MARKETING_VERSION = 1.0;
				PRODUCT_BUNDLE_IDENTIFIER = "co.espinoza.ios-assignmentTests";
				PRODUCT_NAME = "$(TARGET_NAME)";
				SWIFT_EMIT_LOC_STRINGS = NO;
				SWIFT_VERSION = 5.0;
				TARGETED_DEVICE_FAMILY = "1,2";
				TEST_HOST = "$(BUILT_PRODUCTS_DIR)/ios-assignment.app/$(BUNDLE_EXECUTABLE_FOLDER_PATH)/ios-assignment";
			};
			name = Release;
		};
		76B9ECAF2D37B6D300C67F23 /* Debug */ = {
			isa = XCBuildConfiguration;
			buildSettings = {
				CODE_SIGN_STYLE = Automatic;
				CURRENT_PROJECT_VERSION = 1;
				DEVELOPMENT_TEAM = 4K8QHXRYT6;
				GENERATE_INFOPLIST_FILE = YES;
				MARKETING_VERSION = 1.0;
				PRODUCT_BUNDLE_IDENTIFIER = "co.espinoza.ios-assignmentUITests";
				PRODUCT_NAME = "$(TARGET_NAME)";
				SWIFT_EMIT_LOC_STRINGS = NO;
				SWIFT_VERSION = 5.0;
				TARGETED_DEVICE_FAMILY = "1,2";
				TEST_TARGET_NAME = "ios-assignment";
			};
			name = Debug;
		};
		76B9ECB02D37B6D300C67F23 /* Release */ = {
			isa = XCBuildConfiguration;
			buildSettings = {
				CODE_SIGN_STYLE = Automatic;
				CURRENT_PROJECT_VERSION = 1;
				DEVELOPMENT_TEAM = 4K8QHXRYT6;
				GENERATE_INFOPLIST_FILE = YES;
				MARKETING_VERSION = 1.0;
				PRODUCT_BUNDLE_IDENTIFIER = "co.espinoza.ios-assignmentUITests";
				PRODUCT_NAME = "$(TARGET_NAME)";
				SWIFT_EMIT_LOC_STRINGS = NO;
				SWIFT_VERSION = 5.0;
				TARGETED_DEVICE_FAMILY = "1,2";
				TEST_TARGET_NAME = "ios-assignment";
			};
			name = Release;
		};
/* End XCBuildConfiguration section */

/* Begin XCConfigurationList section */
		76B9EC7F2D37B6D100C67F23 /* Build configuration list for PBXProject "ios-assignment" */ = {
			isa = XCConfigurationList;
			buildConfigurations = (
				76B9ECA62D37B6D300C67F23 /* Debug */,
				76B9ECA72D37B6D300C67F23 /* Release */,
			);
			defaultConfigurationIsVisible = 0;
			defaultConfigurationName = Release;
		};
		76B9ECA82D37B6D300C67F23 /* Build configuration list for PBXNativeTarget "ios-assignment" */ = {
			isa = XCConfigurationList;
			buildConfigurations = (
				76B9ECA92D37B6D300C67F23 /* Debug */,
				76B9ECAA2D37B6D300C67F23 /* Release */,
			);
			defaultConfigurationIsVisible = 0;
			defaultConfigurationName = Release;
		};
		76B9ECAB2D37B6D300C67F23 /* Build configuration list for PBXNativeTarget "ios-assignmentTests" */ = {
			isa = XCConfigurationList;
			buildConfigurations = (
				76B9ECAC2D37B6D300C67F23 /* Debug */,
				76B9ECAD2D37B6D300C67F23 /* Release */,
			);
			defaultConfigurationIsVisible = 0;
			defaultConfigurationName = Release;
		};
		76B9ECAE2D37B6D300C67F23 /* Build configuration list for PBXNativeTarget "ios-assignmentUITests" */ = {
			isa = XCConfigurationList;
			buildConfigurations = (
				76B9ECAF2D37B6D300C67F23 /* Debug */,
				76B9ECB02D37B6D300C67F23 /* Release */,
			);
			defaultConfigurationIsVisible = 0;
			defaultConfigurationName = Release;
		};
/* End XCConfigurationList section */
	};
	rootObject = 76B9EC7C2D37B6D100C67F23 /* Project object */;
}
